<?xml version="1.0" encoding="utf-8"?>
<Project ToolsVersion="4.0" xmlns="http://schemas.microsoft.com/developer/msbuild/2003">
  <ItemGroup>
    <Filter Include="Source Files">
      <UniqueIdentifier>{49050ce5-264d-4522-85e7-609abc49b943}</UniqueIdentifier>
      <Extensions>cpp;c;cxx;def;odl;idl;hpj;bat;asm</Extensions>
    </Filter>
    <Filter Include="Header Files">
      <UniqueIdentifier>{43cc93a5-b857-4cc6-a030-d5f12c8acf17}</UniqueIdentifier>
      <Extensions>h;hpp;hxx;hm;inl;inc</Extensions>
    </Filter>
    <Filter Include="Resource Files">
      <UniqueIdentifier>{65006d2f-3bcb-4603-94c7-740d163b9785}</UniqueIdentifier>
      <Extensions>.rc;.mc;.mof</Extensions>
    </Filter>
  </ItemGroup>
  <ItemGroup>
    <ClCompile Include="miniflt.cpp">
      <Filter>Source Files</Filter>
    </ClCompile>
    <ClCompile Include="multicore.cpp">
      <Filter>Source Files</Filter>
    </ClCompile>
  </ItemGroup>
  <ItemGroup>
    <ClInclude Include="miniflt.h">
      <Filter>Header Files</Filter>
    </ClInclude>
    <ClInclude Include="multicore.h">
      <Filter>Header Files</Filter>
    </ClInclude>
    <ClInclude Include="..\..\Common\structs.h">
      <Filter>Header Files</Filter>
    </ClInclude>
  </ItemGroup>
  <ItemGroup>
    <ResourceCompile Include="miniflt.rc" />
  </ItemGroup>
</Project>